// !$*UTF8*$!
{
	archiveVersion = 1;
	classes = {
	};
	objectVersion = 51;
	objects = {

/* Begin PBXBuildFile section */
		003E2D6B22BBFF820016AAE3 /* DropDownSelectionViewController.swift in Sources */ = {isa = PBXBuildFile; fileRef = 003E2D6922BBFF810016AAE3 /* DropDownSelectionViewController.swift */; };
		003E2D6C22BBFF820016AAE3 /* DropDownSelectionViewController.xib in Resources */ = {isa = PBXBuildFile; fileRef = 003E2D6A22BBFF810016AAE3 /* DropDownSelectionViewController.xib */; };
		00601B6F22B95AD2000183F0 /* DateSelectionViewController.swift in Sources */ = {isa = PBXBuildFile; fileRef = 00601B6D22B95AD2000183F0 /* DateSelectionViewController.swift */; };
		00601B7022B95AD2000183F0 /* DateSelectionViewController.xib in Resources */ = {isa = PBXBuildFile; fileRef = 00601B6E22B95AD2000183F0 /* DateSelectionViewController.xib */; };
		00601B7222B960EA000183F0 /* CustomTextField.swift in Sources */ = {isa = PBXBuildFile; fileRef = 00601B7122B960EA000183F0 /* CustomTextField.swift */; };
		009FA22322B021A900B3C662 /* AppDelegate.swift in Sources */ = {isa = PBXBuildFile; fileRef = 009FA22222B021A900B3C662 /* AppDelegate.swift */; };
		009FA22522B021A900B3C662 /* ViewController.swift in Sources */ = {isa = PBXBuildFile; fileRef = 009FA22422B021A900B3C662 /* ViewController.swift */; };
		009FA22822B021A900B3C662 /* Main.storyboard in Resources */ = {isa = PBXBuildFile; fileRef = 009FA22622B021A900B3C662 /* Main.storyboard */; };
		009FA22B22B021A900B3C662 /* Forms.xcdatamodeld in Sources */ = {isa = PBXBuildFile; fileRef = 009FA22922B021A900B3C662 /* Forms.xcdatamodeld */; };
		009FA22D22B021AC00B3C662 /* Assets.xcassets in Resources */ = {isa = PBXBuildFile; fileRef = 009FA22C22B021AC00B3C662 /* Assets.xcassets */; };
		009FA23022B021AC00B3C662 /* LaunchScreen.storyboard in Resources */ = {isa = PBXBuildFile; fileRef = 009FA22E22B021AC00B3C662 /* LaunchScreen.storyboard */; };
		009FA23B22B0229E00B3C662 /* FormCell.swift in Sources */ = {isa = PBXBuildFile; fileRef = 009FA23922B0229E00B3C662 /* FormCell.swift */; };
		009FA23C22B0229E00B3C662 /* FormCell.xib in Resources */ = {isa = PBXBuildFile; fileRef = 009FA23A22B0229E00B3C662 /* FormCell.xib */; };
		00CF266F22B68591005A0FC0 /* Form.json in Resources */ = {isa = PBXBuildFile; fileRef = 00CF266E22B68591005A0FC0 /* Form.json */; };
		00CF267122B68789005A0FC0 /* Form.swift in Sources */ = {isa = PBXBuildFile; fileRef = 00CF267022B68789005A0FC0 /* Form.swift */; };
		00CF267322B688F6005A0FC0 /* CommonStrings.swift in Sources */ = {isa = PBXBuildFile; fileRef = 00CF267222B688F6005A0FC0 /* CommonStrings.swift */; };
		00CF267522B6D727005A0FC0 /* DetailViewController.swift in Sources */ = {isa = PBXBuildFile; fileRef = 00CF267422B6D727005A0FC0 /* DetailViewController.swift */; };
		4B08528F23AE411F00CD7CF8 /* SessionExpiredView.swift in Sources */ = {isa = PBXBuildFile; fileRef = 4B08528E23AE411F00CD7CF8 /* SessionExpiredView.swift */; };
		4B08529123AE413000CD7CF8 /* SessionExpiredView.xib in Resources */ = {isa = PBXBuildFile; fileRef = 4B08529023AE413000CD7CF8 /* SessionExpiredView.xib */; };
		4B1D64F8239C459D00772AA1 /* HistoryCell.swift in Sources */ = {isa = PBXBuildFile; fileRef = 4B1D64F7239C459D00772AA1 /* HistoryCell.swift */; };
		4B896EA522CB704F00E46B86 /* HomeViewController.swift in Sources */ = {isa = PBXBuildFile; fileRef = 4B896EA422CB704F00E46B86 /* HomeViewController.swift */; };
		4B896EA822CB72C900E46B86 /* SettingsViewController.swift in Sources */ = {isa = PBXBuildFile; fileRef = 4B896EA722CB72C900E46B86 /* SettingsViewController.swift */; };
		4B896EAB22CB7C4D00E46B86 /* HistoryViewController.swift in Sources */ = {isa = PBXBuildFile; fileRef = 4B896EAA22CB7C4D00E46B86 /* HistoryViewController.swift */; };
		4BAC1D5923C8831600D46B01 /* AlloyPopUpController.swift in Sources */ = {isa = PBXBuildFile; fileRef = 4BAC1D5723C8831600D46B01 /* AlloyPopUpController.swift */; };
		4BAC1D5A23C8831600D46B01 /* AlloyPopUpController.xib in Resources */ = {isa = PBXBuildFile; fileRef = 4BAC1D5823C8831600D46B01 /* AlloyPopUpController.xib */; };
		4BB8BB77239CF0290082375A /* CreateAccountViewController.swift in Sources */ = {isa = PBXBuildFile; fileRef = 4BB8BB76239CF0290082375A /* CreateAccountViewController.swift */; };
		4BBCACD7239D175E0059EA2B /* UserModel.swift in Sources */ = {isa = PBXBuildFile; fileRef = 4BBCACD6239D175E0059EA2B /* UserModel.swift */; };
		4BEB4553239BCDD6009E745E /* SignInViewController.swift in Sources */ = {isa = PBXBuildFile; fileRef = 4BEB4552239BCDD6009E745E /* SignInViewController.swift */; };
		EA03DC6398CF4668705132BC /* Pods_Forms.framework in Frameworks */ = {isa = PBXBuildFile; fileRef = 7BDF59031247E885558B8187 /* Pods_Forms.framework */; };
/* End PBXBuildFile section */

/* Begin PBXFileReference section */
		003E2D6922BBFF810016AAE3 /* DropDownSelectionViewController.swift */ = {isa = PBXFileReference; lastKnownFileType = sourcecode.swift; path = DropDownSelectionViewController.swift; sourceTree = "<group>"; };
		003E2D6A22BBFF810016AAE3 /* DropDownSelectionViewController.xib */ = {isa = PBXFileReference; lastKnownFileType = file.xib; path = DropDownSelectionViewController.xib; sourceTree = "<group>"; };
		00601B6D22B95AD2000183F0 /* DateSelectionViewController.swift */ = {isa = PBXFileReference; lastKnownFileType = sourcecode.swift; path = DateSelectionViewController.swift; sourceTree = "<group>"; };
		00601B6E22B95AD2000183F0 /* DateSelectionViewController.xib */ = {isa = PBXFileReference; lastKnownFileType = file.xib; path = DateSelectionViewController.xib; sourceTree = "<group>"; };
		00601B7122B960EA000183F0 /* CustomTextField.swift */ = {isa = PBXFileReference; lastKnownFileType = sourcecode.swift; path = CustomTextField.swift; sourceTree = "<group>"; };
		009FA21F22B021A900B3C662 /* Forms.app */ = {isa = PBXFileReference; explicitFileType = wrapper.application; includeInIndex = 0; path = Forms.app; sourceTree = BUILT_PRODUCTS_DIR; };
		009FA22222B021A900B3C662 /* AppDelegate.swift */ = {isa = PBXFileReference; lastKnownFileType = sourcecode.swift; path = AppDelegate.swift; sourceTree = "<group>"; };
		009FA22422B021A900B3C662 /* ViewController.swift */ = {isa = PBXFileReference; lastKnownFileType = sourcecode.swift; path = ViewController.swift; sourceTree = "<group>"; };
		009FA22722B021A900B3C662 /* Base */ = {isa = PBXFileReference; lastKnownFileType = file.storyboard; name = Base; path = Base.lproj/Main.storyboard; sourceTree = "<group>"; };
		009FA22A22B021A900B3C662 /* Forms.xcdatamodel */ = {isa = PBXFileReference; lastKnownFileType = wrapper.xcdatamodel; path = Forms.xcdatamodel; sourceTree = "<group>"; };
		009FA22C22B021AC00B3C662 /* Assets.xcassets */ = {isa = PBXFileReference; lastKnownFileType = folder.assetcatalog; path = Assets.xcassets; sourceTree = "<group>"; };
		009FA22F22B021AC00B3C662 /* Base */ = {isa = PBXFileReference; lastKnownFileType = file.storyboard; name = Base; path = Base.lproj/LaunchScreen.storyboard; sourceTree = "<group>"; };
		009FA23122B021AD00B3C662 /* Info.plist */ = {isa = PBXFileReference; lastKnownFileType = text.plist.xml; path = Info.plist; sourceTree = "<group>"; };
		009FA23922B0229E00B3C662 /* FormCell.swift */ = {isa = PBXFileReference; lastKnownFileType = sourcecode.swift; path = FormCell.swift; sourceTree = "<group>"; };
		009FA23A22B0229E00B3C662 /* FormCell.xib */ = {isa = PBXFileReference; lastKnownFileType = file.xib; path = FormCell.xib; sourceTree = "<group>"; };
		00CF266E22B68591005A0FC0 /* Form.json */ = {isa = PBXFileReference; fileEncoding = 4; lastKnownFileType = text.json; path = Form.json; sourceTree = "<group>"; };
		00CF267022B68789005A0FC0 /* Form.swift */ = {isa = PBXFileReference; lastKnownFileType = sourcecode.swift; path = Form.swift; sourceTree = "<group>"; };
		00CF267222B688F6005A0FC0 /* CommonStrings.swift */ = {isa = PBXFileReference; lastKnownFileType = sourcecode.swift; path = CommonStrings.swift; sourceTree = "<group>"; };
		00CF267422B6D727005A0FC0 /* DetailViewController.swift */ = {isa = PBXFileReference; lastKnownFileType = sourcecode.swift; path = DetailViewController.swift; sourceTree = "<group>"; };
		2B349F80AA18BF09FB7AE824 /* Pods-Forms.release.xcconfig */ = {isa = PBXFileReference; includeInIndex = 1; lastKnownFileType = text.xcconfig; name = "Pods-Forms.release.xcconfig"; path = "Target Support Files/Pods-Forms/Pods-Forms.release.xcconfig"; sourceTree = "<group>"; };
		4B08528E23AE411F00CD7CF8 /* SessionExpiredView.swift */ = {isa = PBXFileReference; lastKnownFileType = sourcecode.swift; path = SessionExpiredView.swift; sourceTree = "<group>"; };
		4B08529023AE413000CD7CF8 /* SessionExpiredView.xib */ = {isa = PBXFileReference; lastKnownFileType = file.xib; path = SessionExpiredView.xib; sourceTree = "<group>"; };
		4B1D64F7239C459D00772AA1 /* HistoryCell.swift */ = {isa = PBXFileReference; lastKnownFileType = sourcecode.swift; path = HistoryCell.swift; sourceTree = "<group>"; };
		4B896EA422CB704F00E46B86 /* HomeViewController.swift */ = {isa = PBXFileReference; lastKnownFileType = sourcecode.swift; path = HomeViewController.swift; sourceTree = "<group>"; };
		4B896EA722CB72C900E46B86 /* SettingsViewController.swift */ = {isa = PBXFileReference; lastKnownFileType = sourcecode.swift; path = SettingsViewController.swift; sourceTree = "<group>"; };
		4B896EAA22CB7C4D00E46B86 /* HistoryViewController.swift */ = {isa = PBXFileReference; lastKnownFileType = sourcecode.swift; path = HistoryViewController.swift; sourceTree = "<group>"; };
		4BAC1D5723C8831600D46B01 /* AlloyPopUpController.swift */ = {isa = PBXFileReference; fileEncoding = 4; lastKnownFileType = sourcecode.swift; path = AlloyPopUpController.swift; sourceTree = "<group>"; };
		4BAC1D5823C8831600D46B01 /* AlloyPopUpController.xib */ = {isa = PBXFileReference; fileEncoding = 4; lastKnownFileType = file.xib; path = AlloyPopUpController.xib; sourceTree = "<group>"; };
		4BB8BB76239CF0290082375A /* CreateAccountViewController.swift */ = {isa = PBXFileReference; lastKnownFileType = sourcecode.swift; path = CreateAccountViewController.swift; sourceTree = "<group>"; };
		4BBCACD6239D175E0059EA2B /* UserModel.swift */ = {isa = PBXFileReference; lastKnownFileType = sourcecode.swift; path = UserModel.swift; sourceTree = "<group>"; };
		4BEB4552239BCDD6009E745E /* SignInViewController.swift */ = {isa = PBXFileReference; lastKnownFileType = sourcecode.swift; path = SignInViewController.swift; sourceTree = "<group>"; };
		7BDF59031247E885558B8187 /* Pods_Forms.framework */ = {isa = PBXFileReference; explicitFileType = wrapper.framework; includeInIndex = 0; path = Pods_Forms.framework; sourceTree = BUILT_PRODUCTS_DIR; };
		C14BF4BB4118A86DCAB82623 /* Pods-Forms.debug.xcconfig */ = {isa = PBXFileReference; includeInIndex = 1; lastKnownFileType = text.xcconfig; name = "Pods-Forms.debug.xcconfig"; path = "Target Support Files/Pods-Forms/Pods-Forms.debug.xcconfig"; sourceTree = "<group>"; };
/* End PBXFileReference section */

/* Begin PBXFrameworksBuildPhase section */
		009FA21C22B021A900B3C662 /* Frameworks */ = {
			isa = PBXFrameworksBuildPhase;
			buildActionMask = 2147483647;
			files = (
				EA03DC6398CF4668705132BC /* Pods_Forms.framework in Frameworks */,
			);
			runOnlyForDeploymentPostprocessing = 0;
		};
/* End PBXFrameworksBuildPhase section */

/* Begin PBXGroup section */
		00601B6C22B95A76000183F0 /* ViewControllers */ = {
			isa = PBXGroup;
			children = (
				00601B6D22B95AD2000183F0 /* DateSelectionViewController.swift */,
				00601B6E22B95AD2000183F0 /* DateSelectionViewController.xib */,
				003E2D6922BBFF810016AAE3 /* DropDownSelectionViewController.swift */,
				003E2D6A22BBFF810016AAE3 /* DropDownSelectionViewController.xib */,
			);
			path = ViewControllers;
			sourceTree = "<group>";
		};
		009FA21622B021A900B3C662 = {
			isa = PBXGroup;
			children = (
				009FA22122B021A900B3C662 /* Forms */,
				009FA22022B021A900B3C662 /* Products */,
				3AA503AAAECF7201A56558A6 /* Pods */,
				A5601275E119BC2A7DACEF0B /* Frameworks */,
			);
			sourceTree = "<group>";
		};
		009FA22022B021A900B3C662 /* Products */ = {
			isa = PBXGroup;
			children = (
				009FA21F22B021A900B3C662 /* Forms.app */,
			);
			name = Products;
			sourceTree = "<group>";
		};
		009FA22122B021A900B3C662 /* Forms */ = {
			isa = PBXGroup;
			children = (
				4BAC1D5623C8831600D46B01 /* AlloyPopUpController */,
				4BB8BB73239CEFA80082375A /* CreateAccountViewController */,
				4BEB4551239BCD9E009E745E /* SignInViewController */,
				00CF266D22B684D9005A0FC0 /* Common */,
				009FA23822B0226600B3C662 /* Views */,
				009FA23722B0224E00B3C662 /* Models */,
				00601B6C22B95A76000183F0 /* ViewControllers */,
				4B896EA322CB703800E46B86 /* HomeViewController */,
				4B896EA622CB72AF00E46B86 /* SettingsViewController */,
				4B896EA922CB7C3A00E46B86 /* HistoryViewController */,
				009FA22222B021A900B3C662 /* AppDelegate.swift */,
				009FA22422B021A900B3C662 /* ViewController.swift */,
				00CF267422B6D727005A0FC0 /* DetailViewController.swift */,
				009FA22622B021A900B3C662 /* Main.storyboard */,
				009FA22C22B021AC00B3C662 /* Assets.xcassets */,
				009FA22E22B021AC00B3C662 /* LaunchScreen.storyboard */,
				009FA23122B021AD00B3C662 /* Info.plist */,
				009FA22922B021A900B3C662 /* Forms.xcdatamodeld */,
			);
			path = Forms;
			sourceTree = "<group>";
		};
		009FA23722B0224E00B3C662 /* Models */ = {
			isa = PBXGroup;
			children = (
				00CF267022B68789005A0FC0 /* Form.swift */,
				4BBCACD6239D175E0059EA2B /* UserModel.swift */,
			);
			path = Models;
			sourceTree = "<group>";
		};
		009FA23822B0226600B3C662 /* Views */ = {
			isa = PBXGroup;
			children = (
				009FA23922B0229E00B3C662 /* FormCell.swift */,
				009FA23A22B0229E00B3C662 /* FormCell.xib */,
				00601B7122B960EA000183F0 /* CustomTextField.swift */,
				4B1D64F7239C459D00772AA1 /* HistoryCell.swift */,
				4B08528E23AE411F00CD7CF8 /* SessionExpiredView.swift */,
				4B08529023AE413000CD7CF8 /* SessionExpiredView.xib */,
			);
			path = Views;
			sourceTree = "<group>";
		};
		00CF266D22B684D9005A0FC0 /* Common */ = {
			isa = PBXGroup;
			children = (
				00CF266E22B68591005A0FC0 /* Form.json */,
				00CF267222B688F6005A0FC0 /* CommonStrings.swift */,
			);
			path = Common;
			sourceTree = "<group>";
		};
		3AA503AAAECF7201A56558A6 /* Pods */ = {
			isa = PBXGroup;
			children = (
				C14BF4BB4118A86DCAB82623 /* Pods-Forms.debug.xcconfig */,
				2B349F80AA18BF09FB7AE824 /* Pods-Forms.release.xcconfig */,
			);
			path = Pods;
			sourceTree = "<group>";
		};
		4B896EA322CB703800E46B86 /* HomeViewController */ = {
			isa = PBXGroup;
			children = (
				4B896EA422CB704F00E46B86 /* HomeViewController.swift */,
			);
			path = HomeViewController;
			sourceTree = "<group>";
		};
		4B896EA622CB72AF00E46B86 /* SettingsViewController */ = {
			isa = PBXGroup;
			children = (
				4B896EA722CB72C900E46B86 /* SettingsViewController.swift */,
			);
			path = SettingsViewController;
			sourceTree = "<group>";
		};
		4B896EA922CB7C3A00E46B86 /* HistoryViewController */ = {
			isa = PBXGroup;
			children = (
				4B896EAA22CB7C4D00E46B86 /* HistoryViewController.swift */,
			);
			path = HistoryViewController;
			sourceTree = "<group>";
		};
		4BAC1D5623C8831600D46B01 /* AlloyPopUpController */ = {
			isa = PBXGroup;
			children = (
				4BAC1D5723C8831600D46B01 /* AlloyPopUpController.swift */,
				4BAC1D5823C8831600D46B01 /* AlloyPopUpController.xib */,
			);
			path = AlloyPopUpController;
			sourceTree = "<group>";
		};
		4BB8BB73239CEFA80082375A /* CreateAccountViewController */ = {
			isa = PBXGroup;
			children = (
				4BB8BB76239CF0290082375A /* CreateAccountViewController.swift */,
			);
			path = CreateAccountViewController;
			sourceTree = "<group>";
		};
		4BEB4551239BCD9E009E745E /* SignInViewController */ = {
			isa = PBXGroup;
			children = (
				4BEB4552239BCDD6009E745E /* SignInViewController.swift */,
			);
			path = SignInViewController;
			sourceTree = "<group>";
		};
		A5601275E119BC2A7DACEF0B /* Frameworks */ = {
			isa = PBXGroup;
			children = (
				7BDF59031247E885558B8187 /* Pods_Forms.framework */,
			);
			name = Frameworks;
			sourceTree = "<group>";
		};
/* End PBXGroup section */

/* Begin PBXNativeTarget section */
		009FA21E22B021A900B3C662 /* Forms */ = {
			isa = PBXNativeTarget;
			buildConfigurationList = 009FA23422B021AD00B3C662 /* Build configuration list for PBXNativeTarget "Forms" */;
			buildPhases = (
				B5BFA4B4CE6ED23364DE93DE /* [CP] Check Pods Manifest.lock */,
				009FA21B22B021A900B3C662 /* Sources */,
				009FA21C22B021A900B3C662 /* Frameworks */,
				009FA21D22B021A900B3C662 /* Resources */,
				AB317FBD58EF1782E7BBC241 /* [CP] Embed Pods Frameworks */,
			);
			buildRules = (
			);
			dependencies = (
			);
			name = Forms;
			productName = Forms;
			productReference = 009FA21F22B021A900B3C662 /* Forms.app */;
			productType = "com.apple.product-type.application";
		};
/* End PBXNativeTarget section */

/* Begin PBXProject section */
		009FA21722B021A900B3C662 /* Project object */ = {
			isa = PBXProject;
			attributes = {
				LastSwiftUpdateCheck = 1010;
				LastUpgradeCheck = 1010;
				TargetAttributes = {
					009FA21E22B021A900B3C662 = {
						CreatedOnToolsVersion = 10.1;
					};
				};
			};
			buildConfigurationList = 009FA21A22B021A900B3C662 /* Build configuration list for PBXProject "Forms" */;
			compatibilityVersion = "Xcode 9.3";
			developmentRegion = en;
			hasScannedForEncodings = 0;
			knownRegions = (
				en,
				Base,
			);
			mainGroup = 009FA21622B021A900B3C662;
			productRefGroup = 009FA22022B021A900B3C662 /* Products */;
			projectDirPath = "";
			projectRoot = "";
			targets = (
				009FA21E22B021A900B3C662 /* Forms */,
			);
		};
/* End PBXProject section */

/* Begin PBXResourcesBuildPhase section */
		009FA21D22B021A900B3C662 /* Resources */ = {
			isa = PBXResourcesBuildPhase;
			buildActionMask = 2147483647;
			files = (
				009FA23022B021AC00B3C662 /* LaunchScreen.storyboard in Resources */,
				009FA23C22B0229E00B3C662 /* FormCell.xib in Resources */,
				009FA22D22B021AC00B3C662 /* Assets.xcassets in Resources */,
				00601B7022B95AD2000183F0 /* DateSelectionViewController.xib in Resources */,
				009FA22822B021A900B3C662 /* Main.storyboard in Resources */,
				4BAC1D5A23C8831600D46B01 /* AlloyPopUpController.xib in Resources */,
				003E2D6C22BBFF820016AAE3 /* DropDownSelectionViewController.xib in Resources */,
				00CF266F22B68591005A0FC0 /* Form.json in Resources */,
				4B08529123AE413000CD7CF8 /* SessionExpiredView.xib in Resources */,
			);
			runOnlyForDeploymentPostprocessing = 0;
		};
/* End PBXResourcesBuildPhase section */

/* Begin PBXShellScriptBuildPhase section */
		AB317FBD58EF1782E7BBC241 /* [CP] Embed Pods Frameworks */ = {
			isa = PBXShellScriptBuildPhase;
			buildActionMask = 2147483647;
			files = (
			);
			inputFileListPaths = (
				"${PODS_ROOT}/Target Support Files/Pods-Forms/Pods-Forms-frameworks-${CONFIGURATION}-input-files.xcfilelist",
			);
			name = "[CP] Embed Pods Frameworks";
			outputFileListPaths = (
				"${PODS_ROOT}/Target Support Files/Pods-Forms/Pods-Forms-frameworks-${CONFIGURATION}-output-files.xcfilelist",
			);
			runOnlyForDeploymentPostprocessing = 0;
			shellPath = /bin/sh;
			shellScript = "\"${PODS_ROOT}/Target Support Files/Pods-Forms/Pods-Forms-frameworks.sh\"\n";
			showEnvVarsInLog = 0;
		};
		B5BFA4B4CE6ED23364DE93DE /* [CP] Check Pods Manifest.lock */ = {
			isa = PBXShellScriptBuildPhase;
			buildActionMask = 2147483647;
			files = (
			);
			inputFileListPaths = (
			);
			inputPaths = (
				"${PODS_PODFILE_DIR_PATH}/Podfile.lock",
				"${PODS_ROOT}/Manifest.lock",
			);
			name = "[CP] Check Pods Manifest.lock";
			outputFileListPaths = (
			);
			outputPaths = (
				"$(DERIVED_FILE_DIR)/Pods-Forms-checkManifestLockResult.txt",
			);
			runOnlyForDeploymentPostprocessing = 0;
			shellPath = /bin/sh;
			shellScript = "diff \"${PODS_PODFILE_DIR_PATH}/Podfile.lock\" \"${PODS_ROOT}/Manifest.lock\" > /dev/null\nif [ $? != 0 ] ; then\n    # print error to STDERR\n    echo \"error: The sandbox is not in sync with the Podfile.lock. Run 'pod install' or update your CocoaPods installation.\" >&2\n    exit 1\nfi\n# This output is used by Xcode 'outputs' to avoid re-running this script phase.\necho \"SUCCESS\" > \"${SCRIPT_OUTPUT_FILE_0}\"\n";
			showEnvVarsInLog = 0;
		};
/* End PBXShellScriptBuildPhase section */

/* Begin PBXSourcesBuildPhase section */
		009FA21B22B021A900B3C662 /* Sources */ = {
			isa = PBXSourcesBuildPhase;
			buildActionMask = 2147483647;
			files = (
				4BEB4553239BCDD6009E745E /* SignInViewController.swift in Sources */,
				003E2D6B22BBFF820016AAE3 /* DropDownSelectionViewController.swift in Sources */,
				00CF267122B68789005A0FC0 /* Form.swift in Sources */,
				009FA22522B021A900B3C662 /* ViewController.swift in Sources */,
				4BB8BB77239CF0290082375A /* CreateAccountViewController.swift in Sources */,
				009FA23B22B0229E00B3C662 /* FormCell.swift in Sources */,
				4B896EAB22CB7C4D00E46B86 /* HistoryViewController.swift in Sources */,
				009FA22B22B021A900B3C662 /* Forms.xcdatamodeld in Sources */,
				4BBCACD7239D175E0059EA2B /* UserModel.swift in Sources */,
				009FA22322B021A900B3C662 /* AppDelegate.swift in Sources */,
				00601B6F22B95AD2000183F0 /* DateSelectionViewController.swift in Sources */,
				4B1D64F8239C459D00772AA1 /* HistoryCell.swift in Sources */,
				4B896EA522CB704F00E46B86 /* HomeViewController.swift in Sources */,
				00CF267322B688F6005A0FC0 /* CommonStrings.swift in Sources */,
				4BAC1D5923C8831600D46B01 /* AlloyPopUpController.swift in Sources */,
				00CF267522B6D727005A0FC0 /* DetailViewController.swift in Sources */,
				4B08528F23AE411F00CD7CF8 /* SessionExpiredView.swift in Sources */,
				00601B7222B960EA000183F0 /* CustomTextField.swift in Sources */,
				4B896EA822CB72C900E46B86 /* SettingsViewController.swift in Sources */,
			);
			runOnlyForDeploymentPostprocessing = 0;
		};
/* End PBXSourcesBuildPhase section */

/* Begin PBXVariantGroup section */
		009FA22622B021A900B3C662 /* Main.storyboard */ = {
			isa = PBXVariantGroup;
			children = (
				009FA22722B021A900B3C662 /* Base */,
			);
			name = Main.storyboard;
			sourceTree = "<group>";
		};
		009FA22E22B021AC00B3C662 /* LaunchScreen.storyboard */ = {
			isa = PBXVariantGroup;
			children = (
				009FA22F22B021AC00B3C662 /* Base */,
			);
			name = LaunchScreen.storyboard;
			sourceTree = "<group>";
		};
/* End PBXVariantGroup section */

/* Begin XCBuildConfiguration section */
		009FA23222B021AD00B3C662 /* Debug */ = {
			isa = XCBuildConfiguration;
			buildSettings = {
				ALWAYS_SEARCH_USER_PATHS = NO;
				CLANG_ANALYZER_NONNULL = YES;
				CLANG_ANALYZER_NUMBER_OBJECT_CONVERSION = YES_AGGRESSIVE;
				CLANG_CXX_LANGUAGE_STANDARD = "gnu++14";
				CLANG_CXX_LIBRARY = "libc++";
				CLANG_ENABLE_MODULES = YES;
				CLANG_ENABLE_OBJC_ARC = YES;
				CLANG_ENABLE_OBJC_WEAK = YES;
				CLANG_WARN_BLOCK_CAPTURE_AUTORELEASING = YES;
				CLANG_WARN_BOOL_CONVERSION = YES;
				CLANG_WARN_COMMA = YES;
				CLANG_WARN_CONSTANT_CONVERSION = YES;
				CLANG_WARN_DEPRECATED_OBJC_IMPLEMENTATIONS = YES;
				CLANG_WARN_DIRECT_OBJC_ISA_USAGE = YES_ERROR;
				CLANG_WARN_DOCUMENTATION_COMMENTS = YES;
				CLANG_WARN_EMPTY_BODY = YES;
				CLANG_WARN_ENUM_CONVERSION = YES;
				CLANG_WARN_INFINITE_RECURSION = YES;
				CLANG_WARN_INT_CONVERSION = YES;
				CLANG_WARN_NON_LITERAL_NULL_CONVERSION = YES;
				CLANG_WARN_OBJC_IMPLICIT_RETAIN_SELF = YES;
				CLANG_WARN_OBJC_LITERAL_CONVERSION = YES;
				CLANG_WARN_OBJC_ROOT_CLASS = YES_ERROR;
				CLANG_WARN_RANGE_LOOP_ANALYSIS = YES;
				CLANG_WARN_STRICT_PROTOTYPES = YES;
				CLANG_WARN_SUSPICIOUS_MOVE = YES;
				CLANG_WARN_UNGUARDED_AVAILABILITY = YES_AGGRESSIVE;
				CLANG_WARN_UNREACHABLE_CODE = YES;
				CLANG_WARN__DUPLICATE_METHOD_MATCH = YES;
				CODE_SIGN_IDENTITY = "iPhone Developer";
				COPY_PHASE_STRIP = NO;
				DEBUG_INFORMATION_FORMAT = dwarf;
				ENABLE_STRICT_OBJC_MSGSEND = YES;
				ENABLE_TESTABILITY = YES;
				GCC_C_LANGUAGE_STANDARD = gnu11;
				GCC_DYNAMIC_NO_PIC = NO;
				GCC_NO_COMMON_BLOCKS = YES;
				GCC_OPTIMIZATION_LEVEL = 0;
				GCC_PREPROCESSOR_DEFINITIONS = (
					"DEBUG=1",
					"$(inherited)",
				);
				GCC_WARN_64_TO_32_BIT_CONVERSION = YES;
				GCC_WARN_ABOUT_RETURN_TYPE = YES_ERROR;
				GCC_WARN_UNDECLARED_SELECTOR = YES;
				GCC_WARN_UNINITIALIZED_AUTOS = YES_AGGRESSIVE;
				GCC_WARN_UNUSED_FUNCTION = YES;
				GCC_WARN_UNUSED_VARIABLE = YES;
				IPHONEOS_DEPLOYMENT_TARGET = 12.1;
				MTL_ENABLE_DEBUG_INFO = INCLUDE_SOURCE;
				MTL_FAST_MATH = YES;
				ONLY_ACTIVE_ARCH = YES;
				SDKROOT = iphoneos;
				SWIFT_ACTIVE_COMPILATION_CONDITIONS = DEBUG;
				SWIFT_OPTIMIZATION_LEVEL = "-Onone";
			};
			name = Debug;
		};
		009FA23322B021AD00B3C662 /* Release */ = {
			isa = XCBuildConfiguration;
			buildSettings = {
				ALWAYS_SEARCH_USER_PATHS = NO;
				CLANG_ANALYZER_NONNULL = YES;
				CLANG_ANALYZER_NUMBER_OBJECT_CONVERSION = YES_AGGRESSIVE;
				CLANG_CXX_LANGUAGE_STANDARD = "gnu++14";
				CLANG_CXX_LIBRARY = "libc++";
				CLANG_ENABLE_MODULES = YES;
				CLANG_ENABLE_OBJC_ARC = YES;
				CLANG_ENABLE_OBJC_WEAK = YES;
				CLANG_WARN_BLOCK_CAPTURE_AUTORELEASING = YES;
				CLANG_WARN_BOOL_CONVERSION = YES;
				CLANG_WARN_COMMA = YES;
				CLANG_WARN_CONSTANT_CONVERSION = YES;
				CLANG_WARN_DEPRECATED_OBJC_IMPLEMENTATIONS = YES;
				CLANG_WARN_DIRECT_OBJC_ISA_USAGE = YES_ERROR;
				CLANG_WARN_DOCUMENTATION_COMMENTS = YES;
				CLANG_WARN_EMPTY_BODY = YES;
				CLANG_WARN_ENUM_CONVERSION = YES;
				CLANG_WARN_INFINITE_RECURSION = YES;
				CLANG_WARN_INT_CONVERSION = YES;
				CLANG_WARN_NON_LITERAL_NULL_CONVERSION = YES;
				CLANG_WARN_OBJC_IMPLICIT_RETAIN_SELF = YES;
				CLANG_WARN_OBJC_LITERAL_CONVERSION = YES;
				CLANG_WARN_OBJC_ROOT_CLASS = YES_ERROR;
				CLANG_WARN_RANGE_LOOP_ANALYSIS = YES;
				CLANG_WARN_STRICT_PROTOTYPES = YES;
				CLANG_WARN_SUSPICIOUS_MOVE = YES;
				CLANG_WARN_UNGUARDED_AVAILABILITY = YES_AGGRESSIVE;
				CLANG_WARN_UNREACHABLE_CODE = YES;
				CLANG_WARN__DUPLICATE_METHOD_MATCH = YES;
				CODE_SIGN_IDENTITY = "iPhone Developer";
				COPY_PHASE_STRIP = NO;
				DEBUG_INFORMATION_FORMAT = "dwarf-with-dsym";
				ENABLE_NS_ASSERTIONS = NO;
				ENABLE_STRICT_OBJC_MSGSEND = YES;
				GCC_C_LANGUAGE_STANDARD = gnu11;
				GCC_NO_COMMON_BLOCKS = YES;
				GCC_WARN_64_TO_32_BIT_CONVERSION = YES;
				GCC_WARN_ABOUT_RETURN_TYPE = YES_ERROR;
				GCC_WARN_UNDECLARED_SELECTOR = YES;
				GCC_WARN_UNINITIALIZED_AUTOS = YES_AGGRESSIVE;
				GCC_WARN_UNUSED_FUNCTION = YES;
				GCC_WARN_UNUSED_VARIABLE = YES;
				IPHONEOS_DEPLOYMENT_TARGET = 12.1;
				MTL_ENABLE_DEBUG_INFO = NO;
				MTL_FAST_MATH = YES;
				SDKROOT = iphoneos;
				SWIFT_COMPILATION_MODE = wholemodule;
				SWIFT_OPTIMIZATION_LEVEL = "-O";
				VALIDATE_PRODUCT = YES;
			};
			name = Release;
		};
		009FA23522B021AD00B3C662 /* Debug */ = {
			isa = XCBuildConfiguration;
			baseConfigurationReference = C14BF4BB4118A86DCAB82623 /* Pods-Forms.debug.xcconfig */;
			buildSettings = {
				ASSETCATALOG_COMPILER_APPICON_NAME = AppIcon;
				CODE_SIGN_IDENTITY = "Apple Development";
				CODE_SIGN_STYLE = Automatic;
				DEVELOPMENT_TEAM = L3SBV7HM56;
				INFOPLIST_FILE = Forms/Info.plist;
				IPHONEOS_DEPLOYMENT_TARGET = 10;
				LD_RUNPATH_SEARCH_PATHS = (
					"$(inherited)",
					"@executable_path/Frameworks",
				);
				PRODUCT_BUNDLE_IDENTIFIER = com.symlconnect.forms;
				PRODUCT_NAME = "$(TARGET_NAME)";
				PROVISIONING_PROFILE_SPECIFIER = "";
				SWIFT_VERSION = 4.2;
				TARGETED_DEVICE_FAMILY = "1,2";
			};
			name = Debug;
		};
		009FA23622B021AD00B3C662 /* Release */ = {
			isa = XCBuildConfiguration;
			baseConfigurationReference = 2B349F80AA18BF09FB7AE824 /* Pods-Forms.release.xcconfig */;
			buildSettings = {
				ASSETCATALOG_COMPILER_APPICON_NAME = AppIcon;
				CODE_SIGN_IDENTITY = "Apple Development";
				CODE_SIGN_STYLE = Automatic;
				DEVELOPMENT_TEAM = L3SBV7HM56;
				INFOPLIST_FILE = Forms/Info.plist;
				IPHONEOS_DEPLOYMENT_TARGET = 10;
				LD_RUNPATH_SEARCH_PATHS = (
					"$(inherited)",
					"@executable_path/Frameworks",
				);
				PRODUCT_BUNDLE_IDENTIFIER = com.symlconnect.forms;
				PRODUCT_NAME = "$(TARGET_NAME)";
				PROVISIONING_PROFILE_SPECIFIER = "";
				SWIFT_VERSION = 4.2;
				TARGETED_DEVICE_FAMILY = "1,2";
			};
			name = Release;
		};
/* End XCBuildConfiguration section */

/* Begin XCConfigurationList section */
		009FA21A22B021A900B3C662 /* Build configuration list for PBXProject "Forms" */ = {
			isa = XCConfigurationList;
			buildConfigurations = (
				009FA23222B021AD00B3C662 /* Debug */,
				009FA23322B021AD00B3C662 /* Release */,
			);
			defaultConfigurationIsVisible = 0;
			defaultConfigurationName = Release;
		};
		009FA23422B021AD00B3C662 /* Build configuration list for PBXNativeTarget "Forms" */ = {
			isa = XCConfigurationList;
			buildConfigurations = (
				009FA23522B021AD00B3C662 /* Debug */,
				009FA23622B021AD00B3C662 /* Release */,
			);
			defaultConfigurationIsVisible = 0;
			defaultConfigurationName = Release;
		};
/* End XCConfigurationList section */

/* Begin XCVersionGroup section */
		009FA22922B021A900B3C662 /* Forms.xcdatamodeld */ = {
			isa = XCVersionGroup;
			children = (
				009FA22A22B021A900B3C662 /* Forms.xcdatamodel */,
			);
			currentVersion = 009FA22A22B021A900B3C662 /* Forms.xcdatamodel */;
			path = Forms.xcdatamodeld;
			sourceTree = "<group>";
			versionGroupType = wrapper.xcdatamodel;
		};
/* End XCVersionGroup section */
	};
	rootObject = 009FA21722B021A900B3C662 /* Project object */;
}
